// !$*UTF8*$!
{
	archiveVersion = 1;
	classes = {
	};
	objectVersion = 50;
	objects = {

/* Begin PBXBuildFile section */
		612EF1FC2265125A0003909A /* AppDelegate.swift in Sources */ = {isa = PBXBuildFile; fileRef = 612EF1FB2265125A0003909A /* AppDelegate.swift */; };
		612EF1FE2265125A0003909A /* ViewController.swift in Sources */ = {isa = PBXBuildFile; fileRef = 612EF1FD2265125A0003909A /* ViewController.swift */; };
		612EF2012265125A0003909A /* Main.storyboard in Resources */ = {isa = PBXBuildFile; fileRef = 612EF1FF2265125A0003909A /* Main.storyboard */; };
		612EF2042265125A0003909A /* NYTDemo.xcdatamodeld in Sources */ = {isa = PBXBuildFile; fileRef = 612EF2022265125A0003909A /* NYTDemo.xcdatamodeld */; };
		612EF2062265125C0003909A /* Assets.xcassets in Resources */ = {isa = PBXBuildFile; fileRef = 612EF2052265125C0003909A /* Assets.xcassets */; };
		612EF2092265125D0003909A /* LaunchScreen.storyboard in Resources */ = {isa = PBXBuildFile; fileRef = 612EF2072265125D0003909A /* LaunchScreen.storyboard */; };
		612EF2142265125D0003909A /* NYTDemoTests.swift in Sources */ = {isa = PBXBuildFile; fileRef = 612EF2132265125D0003909A /* NYTDemoTests.swift */; };
		612EF21F2265125D0003909A /* NYTDemoUITests.swift in Sources */ = {isa = PBXBuildFile; fileRef = 612EF21E2265125D0003909A /* NYTDemoUITests.swift */; };
/* End PBXBuildFile section */

/* Begin PBXContainerItemProxy section */
		612EF2102265125D0003909A /* PBXContainerItemProxy */ = {
			isa = PBXContainerItemProxy;
			containerPortal = 612EF1F02265125A0003909A /* Project object */;
			proxyType = 1;
			remoteGlobalIDString = 612EF1F72265125A0003909A;
			remoteInfo = NYTDemo;
		};
		612EF21B2265125D0003909A /* PBXContainerItemProxy */ = {
			isa = PBXContainerItemProxy;
			containerPortal = 612EF1F02265125A0003909A /* Project object */;
			proxyType = 1;
			remoteGlobalIDString = 612EF1F72265125A0003909A;
			remoteInfo = NYTDemo;
		};
/* End PBXContainerItemProxy section */

/* Begin PBXFileReference section */
		612EF1F82265125A0003909A /* NYTDemo.app */ = {isa = PBXFileReference; explicitFileType = wrapper.application; includeInIndex = 0; path = NYTDemo.app; sourceTree = BUILT_PRODUCTS_DIR; };
		612EF1FB2265125A0003909A /* AppDelegate.swift */ = {isa = PBXFileReference; lastKnownFileType = sourcecode.swift; path = AppDelegate.swift; sourceTree = "<group>"; };
		612EF1FD2265125A0003909A /* ViewController.swift */ = {isa = PBXFileReference; lastKnownFileType = sourcecode.swift; path = ViewController.swift; sourceTree = "<group>"; };
		612EF2002265125A0003909A /* Base */ = {isa = PBXFileReference; lastKnownFileType = file.storyboard; name = Base; path = Base.lproj/Main.storyboard; sourceTree = "<group>"; };
		612EF2032265125A0003909A /* NYTDemo.xcdatamodel */ = {isa = PBXFileReference; lastKnownFileType = wrapper.xcdatamodel; path = NYTDemo.xcdatamodel; sourceTree = "<group>"; };
		612EF2052265125C0003909A /* Assets.xcassets */ = {isa = PBXFileReference; lastKnownFileType = folder.assetcatalog; path = Assets.xcassets; sourceTree = "<group>"; };
		612EF2082265125D0003909A /* Base */ = {isa = PBXFileReference; lastKnownFileType = file.storyboard; name = Base; path = Base.lproj/LaunchScreen.storyboard; sourceTree = "<group>"; };
		612EF20A2265125D0003909A /* Info.plist */ = {isa = PBXFileReference; lastKnownFileType = text.plist.xml; path = Info.plist; sourceTree = "<group>"; };
		612EF20F2265125D0003909A /* NYTDemoTests.xctest */ = {isa = PBXFileReference; explicitFileType = wrapper.cfbundle; includeInIndex = 0; path = NYTDemoTests.xctest; sourceTree = BUILT_PRODUCTS_DIR; };
		612EF2132265125D0003909A /* NYTDemoTests.swift */ = {isa = PBXFileReference; lastKnownFileType = sourcecode.swift; path = NYTDemoTests.swift; sourceTree = "<group>"; };
		612EF2152265125D0003909A /* Info.plist */ = {isa = PBXFileReference; lastKnownFileType = text.plist.xml; path = Info.plist; sourceTree = "<group>"; };
		612EF21A2265125D0003909A /* NYTDemoUITests.xctest */ = {isa = PBXFileReference; explicitFileType = wrapper.cfbundle; includeInIndex = 0; path = NYTDemoUITests.xctest; sourceTree = BUILT_PRODUCTS_DIR; };
		612EF21E2265125D0003909A /* NYTDemoUITests.swift */ = {isa = PBXFileReference; lastKnownFileType = sourcecode.swift; path = NYTDemoUITests.swift; sourceTree = "<group>"; };
		612EF2202265125D0003909A /* Info.plist */ = {isa = PBXFileReference; lastKnownFileType = text.plist.xml; path = Info.plist; sourceTree = "<group>"; };
/* End PBXFileReference section */

/* Begin PBXFrameworksBuildPhase section */
		612EF1F52265125A0003909A /* Frameworks */ = {
			isa = PBXFrameworksBuildPhase;
			buildActionMask = 2147483647;
			files = (
			);
			runOnlyForDeploymentPostprocessing = 0;
		};
		612EF20C2265125D0003909A /* Frameworks */ = {
			isa = PBXFrameworksBuildPhase;
			buildActionMask = 2147483647;
			files = (
			);
			runOnlyForDeploymentPostprocessing = 0;
		};
		612EF2172265125D0003909A /* Frameworks */ = {
			isa = PBXFrameworksBuildPhase;
			buildActionMask = 2147483647;
			files = (
			);
			runOnlyForDeploymentPostprocessing = 0;
		};
/* End PBXFrameworksBuildPhase section */

/* Begin PBXGroup section */
		612EF1EF2265125A0003909A = {
			isa = PBXGroup;
			children = (
				612EF1FA2265125A0003909A /* NYTDemo */,
				612EF2122265125D0003909A /* NYTDemoTests */,
				612EF21D2265125D0003909A /* NYTDemoUITests */,
				612EF1F92265125A0003909A /* Products */,
			);
			sourceTree = "<group>";
		};
		612EF1F92265125A0003909A /* Products */ = {
			isa = PBXGroup;
			children = (
				612EF1F82265125A0003909A /* NYTDemo.app */,
				612EF20F2265125D0003909A /* NYTDemoTests.xctest */,
				612EF21A2265125D0003909A /* NYTDemoUITests.xctest */,
			);
			name = Products;
			sourceTree = "<group>";
		};
		612EF1FA2265125A0003909A /* NYTDemo */ = {
			isa = PBXGroup;
			children = (
				612EF1FB2265125A0003909A /* AppDelegate.swift */,
				612EF1FD2265125A0003909A /* ViewController.swift */,
				612EF1FF2265125A0003909A /* Main.storyboard */,
				612EF2052265125C0003909A /* Assets.xcassets */,
				612EF2072265125D0003909A /* LaunchScreen.storyboard */,
				612EF20A2265125D0003909A /* Info.plist */,
				612EF2022265125A0003909A /* NYTDemo.xcdatamodeld */,
			);
			path = NYTDemo;
			sourceTree = "<group>";
		};
		612EF2122265125D0003909A /* NYTDemoTests */ = {
			isa = PBXGroup;
			children = (
				612EF2132265125D0003909A /* NYTDemoTests.swift */,
				612EF2152265125D0003909A /* Info.plist */,
			);
			path = NYTDemoTests;
			sourceTree = "<group>";
		};
		612EF21D2265125D0003909A /* NYTDemoUITests */ = {
			isa = PBXGroup;
			children = (
				612EF21E2265125D0003909A /* NYTDemoUITests.swift */,
				612EF2202265125D0003909A /* Info.plist */,
			);
			path = NYTDemoUITests;
			sourceTree = "<group>";
		};
/* End PBXGroup section */

/* Begin PBXNativeTarget section */
		612EF1F72265125A0003909A /* NYTDemo */ = {
			isa = PBXNativeTarget;
			buildConfigurationList = 612EF2232265125D0003909A /* Build configuration list for PBXNativeTarget "NYTDemo" */;
			buildPhases = (
				612EF1F42265125A0003909A /* Sources */,
				612EF1F52265125A0003909A /* Frameworks */,
				612EF1F62265125A0003909A /* Resources */,
			);
			buildRules = (
			);
			dependencies = (
			);
			name = NYTDemo;
			productName = NYTDemo;
			productReference = 612EF1F82265125A0003909A /* NYTDemo.app */;
			productType = "com.apple.product-type.application";
		};
		612EF20E2265125D0003909A /* NYTDemoTests */ = {
			isa = PBXNativeTarget;
			buildConfigurationList = 612EF2262265125D0003909A /* Build configuration list for PBXNativeTarget "NYTDemoTests" */;
			buildPhases = (
				612EF20B2265125D0003909A /* Sources */,
				612EF20C2265125D0003909A /* Frameworks */,
				612EF20D2265125D0003909A /* Resources */,
			);
			buildRules = (
			);
			dependencies = (
				612EF2112265125D0003909A /* PBXTargetDependency */,
			);
			name = NYTDemoTests;
			productName = NYTDemoTests;
			productReference = 612EF20F2265125D0003909A /* NYTDemoTests.xctest */;
			productType = "com.apple.product-type.bundle.unit-test";
		};
		612EF2192265125D0003909A /* NYTDemoUITests */ = {
			isa = PBXNativeTarget;
			buildConfigurationList = 612EF2292265125D0003909A /* Build configuration list for PBXNativeTarget "NYTDemoUITests" */;
			buildPhases = (
				612EF2162265125D0003909A /* Sources */,
				612EF2172265125D0003909A /* Frameworks */,
				612EF2182265125D0003909A /* Resources */,
			);
			buildRules = (
			);
			dependencies = (
				612EF21C2265125D0003909A /* PBXTargetDependency */,
			);
			name = NYTDemoUITests;
			productName = NYTDemoUITests;
			productReference = 612EF21A2265125D0003909A /* NYTDemoUITests.xctest */;
			productType = "com.apple.product-type.bundle.ui-testing";
		};
/* End PBXNativeTarget section */

/* Begin PBXProject section */
		612EF1F02265125A0003909A /* Project object */ = {
			isa = PBXProject;
			attributes = {
				LastSwiftUpdateCheck = 1020;
				LastUpgradeCheck = 1020;
				ORGANIZATIONNAME = sundar;
				TargetAttributes = {
					612EF1F72265125A0003909A = {
						CreatedOnToolsVersion = 10.2;
					};
					612EF20E2265125D0003909A = {
						CreatedOnToolsVersion = 10.2;
						TestTargetID = 612EF1F72265125A0003909A;
					};
					612EF2192265125D0003909A = {
						CreatedOnToolsVersion = 10.2;
						TestTargetID = 612EF1F72265125A0003909A;
					};
				};
			};
			buildConfigurationList = 612EF1F32265125A0003909A /* Build configuration list for PBXProject "NYTDemo" */;
			compatibilityVersion = "Xcode 9.3";
			developmentRegion = en;
			hasScannedForEncodings = 0;
			knownRegions = (
				en,
				Base,
			);
			mainGroup = 612EF1EF2265125A0003909A;
			productRefGroup = 612EF1F92265125A0003909A /* Products */;
			projectDirPath = "";
			projectRoot = "";
			targets = (
				612EF1F72265125A0003909A /* NYTDemo */,
				612EF20E2265125D0003909A /* NYTDemoTests */,
				612EF2192265125D0003909A /* NYTDemoUITests */,
			);
		};
/* End PBXProject section */

/* Begin PBXResourcesBuildPhase section */
		612EF1F62265125A0003909A /* Resources */ = {
			isa = PBXResourcesBuildPhase;
			buildActionMask = 2147483647;
			files = (
				612EF2092265125D0003909A /* LaunchScreen.storyboard in Resources */,
				612EF2062265125C0003909A /* Assets.xcassets in Resources */,
				612EF2012265125A0003909A /* Main.storyboard in Resources */,
			);
			runOnlyForDeploymentPostprocessing = 0;
		};
		612EF20D2265125D0003909A /* Resources */ = {
			isa = PBXResourcesBuildPhase;
			buildActionMask = 2147483647;
			files = (
			);
			runOnlyForDeploymentPostprocessing = 0;
		};
		612EF2182265125D0003909A /* Resources */ = {
			isa = PBXResourcesBuildPhase;
			buildActionMask = 2147483647;
			files = (
			);
			runOnlyForDeploymentPostprocessing = 0;
		};
/* End PBXResourcesBuildPhase section */

/* Begin PBXSourcesBuildPhase section */
		612EF1F42265125A0003909A /* Sources */ = {
			isa = PBXSourcesBuildPhase;
			buildActionMask = 2147483647;
			files = (
				612EF1FE2265125A0003909A /* ViewController.swift in Sources */,
				612EF1FC2265125A0003909A /* AppDelegate.swift in Sources */,
				612EF2042265125A0003909A /* NYTDemo.xcdatamodeld in Sources */,
			);
			runOnlyForDeploymentPostprocessing = 0;
		};
		612EF20B2265125D0003909A /* Sources */ = {
			isa = PBXSourcesBuildPhase;
			buildActionMask = 2147483647;
			files = (
				612EF2142265125D0003909A /* NYTDemoTests.swift in Sources */,
			);
			runOnlyForDeploymentPostprocessing = 0;
		};
		612EF2162265125D0003909A /* Sources */ = {
			isa = PBXSourcesBuildPhase;
			buildActionMask = 2147483647;
			files = (
				612EF21F2265125D0003909A /* NYTDemoUITests.swift in Sources */,
			);
			runOnlyForDeploymentPostprocessing = 0;
		};
/* End PBXSourcesBuildPhase section */

/* Begin PBXTargetDependency section */
		612EF2112265125D0003909A /* PBXTargetDependency */ = {
			isa = PBXTargetDependency;
			target = 612EF1F72265125A0003909A /* NYTDemo */;
			targetProxy = 612EF2102265125D0003909A /* PBXContainerItemProxy */;
		};
		612EF21C2265125D0003909A /* PBXTargetDependency */ = {
			isa = PBXTargetDependency;
			target = 612EF1F72265125A0003909A /* NYTDemo */;
			targetProxy = 612EF21B2265125D0003909A /* PBXContainerItemProxy */;
		};
/* End PBXTargetDependency section */

/* Begin PBXVariantGroup section */
		612EF1FF2265125A0003909A /* Main.storyboard */ = {
			isa = PBXVariantGroup;
			children = (
				612EF2002265125A0003909A /* Base */,
			);
			name = Main.storyboard;
			sourceTree = "<group>";
		};
		612EF2072265125D0003909A /* LaunchScreen.storyboard */ = {
			isa = PBXVariantGroup;
			children = (
				612EF2082265125D0003909A /* Base */,
			);
			name = LaunchScreen.storyboard;
			sourceTree = "<group>";
		};
/* End PBXVariantGroup section */

/* Begin XCBuildConfiguration section */
		612EF2212265125D0003909A /* Debug */ = {
			isa = XCBuildConfiguration;
			buildSettings = {
				ALWAYS_SEARCH_USER_PATHS = NO;
				CLANG_ANALYZER_NONNULL = YES;
				CLANG_ANALYZER_NUMBER_OBJECT_CONVERSION = YES_AGGRESSIVE;
				CLANG_CXX_LANGUAGE_STANDARD = "gnu++14";
				CLANG_CXX_LIBRARY = "libc++";
				CLANG_ENABLE_MODULES = YES;
				CLANG_ENABLE_OBJC_ARC = YES;
				CLANG_ENABLE_OBJC_WEAK = YES;
				CLANG_WARN_BLOCK_CAPTURE_AUTORELEASING = YES;
				CLANG_WARN_BOOL_CONVERSION = YES;
				CLANG_WARN_COMMA = YES;
				CLANG_WARN_CONSTANT_CONVERSION = YES;
				CLANG_WARN_DEPRECATED_OBJC_IMPLEMENTATIONS = YES;
				CLANG_WARN_DIRECT_OBJC_ISA_USAGE = YES_ERROR;
				CLANG_WARN_DOCUMENTATION_COMMENTS = YES;
				CLANG_WARN_EMPTY_BODY = YES;
				CLANG_WARN_ENUM_CONVERSION = YES;
				CLANG_WARN_INFINITE_RECURSION = YES;
				CLANG_WARN_INT_CONVERSION = YES;
				CLANG_WARN_NON_LITERAL_NULL_CONVERSION = YES;
				CLANG_WARN_OBJC_IMPLICIT_RETAIN_SELF = YES;
				CLANG_WARN_OBJC_LITERAL_CONVERSION = YES;
				CLANG_WARN_OBJC_ROOT_CLASS = YES_ERROR;
				CLANG_WARN_RANGE_LOOP_ANALYSIS = YES;
				CLANG_WARN_STRICT_PROTOTYPES = YES;
				CLANG_WARN_SUSPICIOUS_MOVE = YES;
				CLANG_WARN_UNGUARDED_AVAILABILITY = YES_AGGRESSIVE;
				CLANG_WARN_UNREACHABLE_CODE = YES;
				CLANG_WARN__DUPLICATE_METHOD_MATCH = YES;
				CODE_SIGN_IDENTITY = "iPhone Developer";
				COPY_PHASE_STRIP = NO;
				DEBUG_INFORMATION_FORMAT = dwarf;
				ENABLE_STRICT_OBJC_MSGSEND = YES;
				ENABLE_TESTABILITY = YES;
				GCC_C_LANGUAGE_STANDARD = gnu11;
				GCC_DYNAMIC_NO_PIC = NO;
				GCC_NO_COMMON_BLOCKS = YES;
				GCC_OPTIMIZATION_LEVEL = 0;
				GCC_PREPROCESSOR_DEFINITIONS = (
					"DEBUG=1",
					"$(inherited)",
				);
				GCC_WARN_64_TO_32_BIT_CONVERSION = YES;
				GCC_WARN_ABOUT_RETURN_TYPE = YES_ERROR;
				GCC_WARN_UNDECLARED_SELECTOR = YES;
				GCC_WARN_UNINITIALIZED_AUTOS = YES_AGGRESSIVE;
				GCC_WARN_UNUSED_FUNCTION = YES;
				GCC_WARN_UNUSED_VARIABLE = YES;
				IPHONEOS_DEPLOYMENT_TARGET = 12.2;
				MTL_ENABLE_DEBUG_INFO = INCLUDE_SOURCE;
				MTL_FAST_MATH = YES;
				ONLY_ACTIVE_ARCH = YES;
				SDKROOT = iphoneos;
				SWIFT_ACTIVE_COMPILATION_CONDITIONS = DEBUG;
				SWIFT_OPTIMIZATION_LEVEL = "-Onone";
			};
			name = Debug;
		};
		612EF2222265125D0003909A /* Release */ = {
			isa = XCBuildConfiguration;
			buildSettings = {
				ALWAYS_SEARCH_USER_PATHS = NO;
				CLANG_ANALYZER_NONNULL = YES;
				CLANG_ANALYZER_NUMBER_OBJECT_CONVERSION = YES_AGGRESSIVE;
				CLANG_CXX_LANGUAGE_STANDARD = "gnu++14";
				CLANG_CXX_LIBRARY = "libc++";
				CLANG_ENABLE_MODULES = YES;
				CLANG_ENABLE_OBJC_ARC = YES;
				CLANG_ENABLE_OBJC_WEAK = YES;
				CLANG_WARN_BLOCK_CAPTURE_AUTORELEASING = YES;
				CLANG_WARN_BOOL_CONVERSION = YES;
				CLANG_WARN_COMMA = YES;
				CLANG_WARN_CONSTANT_CONVERSION = YES;
				CLANG_WARN_DEPRECATED_OBJC_IMPLEMENTATIONS = YES;
				CLANG_WARN_DIRECT_OBJC_ISA_USAGE = YES_ERROR;
				CLANG_WARN_DOCUMENTATION_COMMENTS = YES;
				CLANG_WARN_EMPTY_BODY = YES;
				CLANG_WARN_ENUM_CONVERSION = YES;
				CLANG_WARN_INFINITE_RECURSION = YES;
				CLANG_WARN_INT_CONVERSION = YES;
				CLANG_WARN_NON_LITERAL_NULL_CONVERSION = YES;
				CLANG_WARN_OBJC_IMPLICIT_RETAIN_SELF = YES;
				CLANG_WARN_OBJC_LITERAL_CONVERSION = YES;
				CLANG_WARN_OBJC_ROOT_CLASS = YES_ERROR;
				CLANG_WARN_RANGE_LOOP_ANALYSIS = YES;
				CLANG_WARN_STRICT_PROTOTYPES = YES;
				CLANG_WARN_SUSPICIOUS_MOVE = YES;
				CLANG_WARN_UNGUARDED_AVAILABILITY = YES_AGGRESSIVE;
				CLANG_WARN_UNREACHABLE_CODE = YES;
				CLANG_WARN__DUPLICATE_METHOD_MATCH = YES;
				CODE_SIGN_IDENTITY = "iPhone Developer";
				COPY_PHASE_STRIP = NO;
				DEBUG_INFORMATION_FORMAT = "dwarf-with-dsym";
				ENABLE_NS_ASSERTIONS = NO;
				ENABLE_STRICT_OBJC_MSGSEND = YES;
				GCC_C_LANGUAGE_STANDARD = gnu11;
				GCC_NO_COMMON_BLOCKS = YES;
				GCC_WARN_64_TO_32_BIT_CONVERSION = YES;
				GCC_WARN_ABOUT_RETURN_TYPE = YES_ERROR;
				GCC_WARN_UNDECLARED_SELECTOR = YES;
				GCC_WARN_UNINITIALIZED_AUTOS = YES_AGGRESSIVE;
				GCC_WARN_UNUSED_FUNCTION = YES;
				GCC_WARN_UNUSED_VARIABLE = YES;
				IPHONEOS_DEPLOYMENT_TARGET = 12.2;
				MTL_ENABLE_DEBUG_INFO = NO;
				MTL_FAST_MATH = YES;
				SDKROOT = iphoneos;
				SWIFT_COMPILATION_MODE = wholemodule;
				SWIFT_OPTIMIZATION_LEVEL = "-O";
				VALIDATE_PRODUCT = YES;
			};
			name = Release;
		};
		612EF2242265125D0003909A /* Debug */ = {
			isa = XCBuildConfiguration;
			buildSettings = {
				ASSETCATALOG_COMPILER_APPICON_NAME = AppIcon;
				CODE_SIGN_STYLE = Automatic;
				INFOPLIST_FILE = NYTDemo/Info.plist;
				LD_RUNPATH_SEARCH_PATHS = (
					"$(inherited)",
					"@executable_path/Frameworks",
				);
				PRODUCT_BUNDLE_IDENTIFIER = com.test.NYTDemo;
				PRODUCT_NAME = "$(TARGET_NAME)";
				SWIFT_VERSION = 5.0;
				TARGETED_DEVICE_FAMILY = "1,2";
			};
			name = Debug;
		};
		612EF2252265125D0003909A /* Release */ = {
			isa = XCBuildConfiguration;
			buildSettings = {
				ASSETCATALOG_COMPILER_APPICON_NAME = AppIcon;
				CODE_SIGN_STYLE = Automatic;
				INFOPLIST_FILE = NYTDemo/Info.plist;
				LD_RUNPATH_SEARCH_PATHS = (
					"$(inherited)",
					"@executable_path/Frameworks",
				);
				PRODUCT_BUNDLE_IDENTIFIER = com.test.NYTDemo;
				PRODUCT_NAME = "$(TARGET_NAME)";
				SWIFT_VERSION = 5.0;
				TARGETED_DEVICE_FAMILY = "1,2";
			};
			name = Release;
		};
		612EF2272265125D0003909A /* Debug */ = {
			isa = XCBuildConfiguration;
			buildSettings = {
				ALWAYS_EMBED_SWIFT_STANDARD_LIBRARIES = YES;
				BUNDLE_LOADER = "$(TEST_HOST)";
				CODE_SIGN_STYLE = Automatic;
				INFOPLIST_FILE = NYTDemoTests/Info.plist;
				LD_RUNPATH_SEARCH_PATHS = (
					"$(inherited)",
					"@executable_path/Frameworks",
					"@loader_path/Frameworks",
				);
				PRODUCT_BUNDLE_IDENTIFIER = com.test.NYTDemoTests;
				PRODUCT_NAME = "$(TARGET_NAME)";
				SWIFT_VERSION = 5.0;
				TARGETED_DEVICE_FAMILY = "1,2";
				TEST_HOST = "$(BUILT_PRODUCTS_DIR)/NYTDemo.app/NYTDemo";
			};
			name = Debug;
		};
		612EF2282265125D0003909A /* Release */ = {
			isa = XCBuildConfiguration;
			buildSettings = {
				ALWAYS_EMBED_SWIFT_STANDARD_LIBRARIES = YES;
				BUNDLE_LOADER = "$(TEST_HOST)";
				CODE_SIGN_STYLE = Automatic;
				INFOPLIST_FILE = NYTDemoTests/Info.plist;
				LD_RUNPATH_SEARCH_PATHS = (
					"$(inherited)",
					"@executable_path/Frameworks",
					"@loader_path/Frameworks",
				);
				PRODUCT_BUNDLE_IDENTIFIER = com.test.NYTDemoTests;
				PRODUCT_NAME = "$(TARGET_NAME)";
				SWIFT_VERSION = 5.0;
				TARGETED_DEVICE_FAMILY = "1,2";
				TEST_HOST = "$(BUILT_PRODUCTS_DIR)/NYTDemo.app/NYTDemo";
			};
			name = Release;
		};
		612EF22A2265125D0003909A /* Debug */ = {
			isa = XCBuildConfiguration;
			buildSettings = {
				ALWAYS_EMBED_SWIFT_STANDARD_LIBRARIES = YES;
				CODE_SIGN_STYLE = Automatic;
				INFOPLIST_FILE = NYTDemoUITests/Info.plist;
				LD_RUNPATH_SEARCH_PATHS = (
					"$(inherited)",
					"@executable_path/Frameworks",
					"@loader_path/Frameworks",
				);
				PRODUCT_BUNDLE_IDENTIFIER = com.test.NYTDemoUITests;
				PRODUCT_NAME = "$(TARGET_NAME)";
				SWIFT_VERSION = 5.0;
				TARGETED_DEVICE_FAMILY = "1,2";
				TEST_TARGET_NAME = NYTDemo;
			};
			name = Debug;
		};
		612EF22B2265125D0003909A /* Release */ = {
			isa = XCBuildConfiguration;
			buildSettings = {
				ALWAYS_EMBED_SWIFT_STANDARD_LIBRARIES = YES;
				CODE_SIGN_STYLE = Automatic;
				INFOPLIST_FILE = NYTDemoUITests/Info.plist;
				LD_RUNPATH_SEARCH_PATHS = (
					"$(inherited)",
					"@executable_path/Frameworks",
					"@loader_path/Frameworks",
				);
				PRODUCT_BUNDLE_IDENTIFIER = com.test.NYTDemoUITests;
				PRODUCT_NAME = "$(TARGET_NAME)";
				SWIFT_VERSION = 5.0;
				TARGETED_DEVICE_FAMILY = "1,2";
				TEST_TARGET_NAME = NYTDemo;
			};
			name = Release;
		};
/* End XCBuildConfiguration section */

/* Begin XCConfigurationList section */
		612EF1F32265125A0003909A /* Build configuration list for PBXProject "NYTDemo" */ = {
			isa = XCConfigurationList;
			buildConfigurations = (
				612EF2212265125D0003909A /* Debug */,
				612EF2222265125D0003909A /* Release */,
			);
			defaultConfigurationIsVisible = 0;
			defaultConfigurationName = Release;
		};
		612EF2232265125D0003909A /* Build configuration list for PBXNativeTarget "NYTDemo" */ = {
			isa = XCConfigurationList;
			buildConfigurations = (
				612EF2242265125D0003909A /* Debug */,
				612EF2252265125D0003909A /* Release */,
			);
			defaultConfigurationIsVisible = 0;
			defaultConfigurationName = Release;
		};
		612EF2262265125D0003909A /* Build configuration list for PBXNativeTarget "NYTDemoTests" */ = {
			isa = XCConfigurationList;
			buildConfigurations = (
				612EF2272265125D0003909A /* Debug */,
				612EF2282265125D0003909A /* Release */,
			);
			defaultConfigurationIsVisible = 0;
			defaultConfigurationName = Release;
		};
		612EF2292265125D0003909A /* Build configuration list for PBXNativeTarget "NYTDemoUITests" */ = {
			isa = XCConfigurationList;
			buildConfigurations = (
				612EF22A2265125D0003909A /* Debug */,
				612EF22B2265125D0003909A /* Release */,
			);
			defaultConfigurationIsVisible = 0;
			defaultConfigurationName = Release;
		};
/* End XCConfigurationList section */

/* Begin XCVersionGroup section */
		612EF2022265125A0003909A /* NYTDemo.xcdatamodeld */ = {
			isa = XCVersionGroup;
			children = (
				612EF2032265125A0003909A /* NYTDemo.xcdatamodel */,
			);
			currentVersion = 612EF2032265125A0003909A /* NYTDemo.xcdatamodel */;
			path = NYTDemo.xcdatamodeld;
			sourceTree = "<group>";
			versionGroupType = wrapper.xcdatamodel;
		};
/* End XCVersionGroup section */
	};
	rootObject = 612EF1F02265125A0003909A /* Project object */;
}
